
Microsoft Visual Studio Solution File, Format Version 12.00
# Visual Studio 2012
Project("{FAE04EC0-301F-11D3-BF4B-00C04F79EFBC}") = "PSMemcached", "PSMemcached\PSMemcached.csproj", "{1B24E593-DF84-4BDB-B001-63C080647C81}"
EndProject
Project("{FAE04EC0-301F-11D3-BF4B-00C04F79EFBC}") = "PSMemcached.Repository", "PSMemcached.Repository\PSMemcached.Repository.csproj", "{BE2AC787-61BD-425C-8540-FD58C9F88329}"
EndProject
Project("{FAE04EC0-301F-11D3-BF4B-00C04F79EFBC}") = "MemcachedRepositoryProvider", "MemcachedRepositoryProvider\MemcachedRepositoryProvider.csproj", "{13745FA8-47B0-4766-A139-4F4A1F3DD492}"
EndProject
Global
	GlobalSection(SolutionConfigurationPlatforms) = preSolution
		Debug|Any CPU = Debug|Any CPU
		Release|Any CPU = Release|Any CPU
	EndGlobalSection
	GlobalSection(ProjectConfigurationPlatforms) = postSolution
		{1B24E593-DF84-4BDB-B001-63C080647C81}.Debug|Any CPU.ActiveCfg = Debug|Any CPU
		{1B24E593-DF84-4BDB-B001-63C080647C81}.Debug|Any CPU.Build.0 = Debug|Any CPU
		{1B24E593-DF84-4BDB-B001-63C080647C81}.Release|Any CPU.ActiveCfg = Release|Any CPU
		{1B24E593-DF84-4BDB-B001-63C080647C81}.Release|Any CPU.Build.0 = Release|Any CPU
		{BE2AC787-61BD-425C-8540-FD58C9F88329}.Debug|Any CPU.ActiveCfg = Debug|Any CPU
		{BE2AC787-61BD-425C-8540-FD58C9F88329}.Debug|Any CPU.Build.0 = Debug|Any CPU
		{BE2AC787-61BD-425C-8540-FD58C9F88329}.Release|Any CPU.ActiveCfg = Release|Any CPU
		{BE2AC787-61BD-425C-8540-FD58C9F88329}.Release|Any CPU.Build.0 = Release|Any CPU
		{13745FA8-47B0-4766-A139-4F4A1F3DD492}.Debug|Any CPU.ActiveCfg = Debug|Any CPU
		{13745FA8-47B0-4766-A139-4F4A1F3DD492}.Debug|Any CPU.Build.0 = Debug|Any CPU
		{13745FA8-47B0-4766-A139-4F4A1F3DD492}.Release|Any CPU.ActiveCfg = Release|Any CPU
		{13745FA8-47B0-4766-A139-4F4A1F3DD492}.Release|Any CPU.Build.0 = Release|Any CPU
	EndGlobalSection
	GlobalSection(SolutionProperties) = preSolution
		HideSolutionNode = FALSE
	EndGlobalSection
EndGlobal
